
Microsoft Visual Studio Solution File, Format Version 12.00
# Visual Studio 2013
VisualStudioVersion = 12.0.21005.1
MinimumVisualStudioVersion = 10.0.40219.1
Project("{FAE04EC0-301F-11D3-BF4B-00C04F79EFBC}") = "NETApi", "NETApi\NETApi.csproj", "{24E04E18-C19E-4CD8-B2E1-EE8C20394B93}"
EndProject
Project("{FAE04EC0-301F-11D3-BF4B-00C04F79EFBC}") = "NETApi.Tests", "NETApi.Tests\NETApi.Tests.csproj", "{FE71DD67-018E-416F-8189-2F35C734BA8F}"
EndProject
Global
	GlobalSection(SolutionConfigurationPlatforms) = preSolution
		Debug|Any CPU = Debug|Any CPU
		Release|Any CPU = Release|Any CPU
	EndGlobalSection
	GlobalSection(ProjectConfigurationPlatforms) = postSolution
		{24E04E18-C19E-4CD8-B2E1-EE8C20394B93}.Debug|Any CPU.ActiveCfg = Debug|Any CPU
		{24E04E18-C19E-4CD8-B2E1-EE8C20394B93}.Debug|Any CPU.Build.0 = Debug|Any CPU
		{24E04E18-C19E-4CD8-B2E1-EE8C20394B93}.Release|Any CPU.ActiveCfg = Release|Any CPU
		{24E04E18-C19E-4CD8-B2E1-EE8C20394B93}.Release|Any CPU.Build.0 = Release|Any CPU
		{FE71DD67-018E-416F-8189-2F35C734BA8F}.Debug|Any CPU.ActiveCfg = Debug|Any CPU
		{FE71DD67-018E-416F-8189-2F35C734BA8F}.Debug|Any CPU.Build.0 = Debug|Any CPU
		{FE71DD67-018E-416F-8189-2F35C734BA8F}.Release|Any CPU.ActiveCfg = Release|Any CPU
		{FE71DD67-018E-416F-8189-2F35C734BA8F}.Release|Any CPU.Build.0 = Release|Any CPU
	EndGlobalSection
	GlobalSection(SolutionProperties) = preSolution
		HideSolutionNode = FALSE
	EndGlobalSection
EndGlobal
